
Microsoft Visual Studio Solution File, Format Version 12.00
# Visual Studio 15
VisualStudioVersion = 15.0.28307.168
MinimumVisualStudioVersion = 10.0.40219.1
Project("{FAE04EC0-301F-11D3-BF4B-00C04F79EFBC}") = "CE_Domain", "CE_Domain\CE_Domain.csproj", "{7E790001-C4A5-40DD-B9DC-BF147BAFA550}"
EndProject
Project("{FAE04EC0-301F-11D3-BF4B-00C04F79EFBC}") = "CE_Data", "CE_Data\CE_Data.csproj", "{5223B581-A2D1-4A89-859F-FD7E0B623D1E}"
EndProject
Project("{FAE04EC0-301F-11D3-BF4B-00C04F79EFBC}") = "CE_Console", "CE_Console\CE_Console.csproj", "{0184FD9D-7304-401A-BCB6-C0C465705C67}"
EndProject
Project("{FAE04EC0-301F-11D3-BF4B-00C04F79EFBC}") = "CE_WPF", "CE_WPF\CE_WPF.csproj", "{22E09A02-9654-4644-81CF-36D7B1B2957D}"
EndProject
Global
	GlobalSection(SolutionConfigurationPlatforms) = preSolution
		Debug|Any CPU = Debug|Any CPU
		Release|Any CPU = Release|Any CPU
	EndGlobalSection
	GlobalSection(ProjectConfigurationPlatforms) = postSolution
		{7E790001-C4A5-40DD-B9DC-BF147BAFA550}.Debug|Any CPU.ActiveCfg = Debug|Any CPU
		{7E790001-C4A5-40DD-B9DC-BF147BAFA550}.Debug|Any CPU.Build.0 = Debug|Any CPU
		{7E790001-C4A5-40DD-B9DC-BF147BAFA550}.Release|Any CPU.ActiveCfg = Release|Any CPU
		{7E790001-C4A5-40DD-B9DC-BF147BAFA550}.Release|Any CPU.Build.0 = Release|Any CPU
		{5223B581-A2D1-4A89-859F-FD7E0B623D1E}.Debug|Any CPU.ActiveCfg = Debug|Any CPU
		{5223B581-A2D1-4A89-859F-FD7E0B623D1E}.Debug|Any CPU.Build.0 = Debug|Any CPU
		{5223B581-A2D1-4A89-859F-FD7E0B623D1E}.Release|Any CPU.ActiveCfg = Release|Any CPU
		{5223B581-A2D1-4A89-859F-FD7E0B623D1E}.Release|Any CPU.Build.0 = Release|Any CPU
		{0184FD9D-7304-401A-BCB6-C0C465705C67}.Debug|Any CPU.ActiveCfg = Debug|Any CPU
		{0184FD9D-7304-401A-BCB6-C0C465705C67}.Debug|Any CPU.Build.0 = Debug|Any CPU
		{0184FD9D-7304-401A-BCB6-C0C465705C67}.Release|Any CPU.ActiveCfg = Release|Any CPU
		{0184FD9D-7304-401A-BCB6-C0C465705C67}.Release|Any CPU.Build.0 = Release|Any CPU
		{22E09A02-9654-4644-81CF-36D7B1B2957D}.Debug|Any CPU.ActiveCfg = Debug|Any CPU
		{22E09A02-9654-4644-81CF-36D7B1B2957D}.Debug|Any CPU.Build.0 = Debug|Any CPU
		{22E09A02-9654-4644-81CF-36D7B1B2957D}.Release|Any CPU.ActiveCfg = Release|Any CPU
		{22E09A02-9654-4644-81CF-36D7B1B2957D}.Release|Any CPU.Build.0 = Release|Any CPU
	EndGlobalSection
	GlobalSection(SolutionProperties) = preSolution
		HideSolutionNode = FALSE
	EndGlobalSection
	GlobalSection(ExtensibilityGlobals) = postSolution
		SolutionGuid = {4B1CE1BA-1C29-4DDB-93E3-DDF5FCD6554E}
	EndGlobalSection
EndGlobal
