
Microsoft Visual Studio Solution File, Format Version 12.00
# Visual Studio 15
VisualStudioVersion = 15.0.28307.168
MinimumVisualStudioVersion = 10.0.40219.1
Project("{9A19103F-16F7-4668-BE54-9A1E7A4F7556}") = "DataAccess", "DataAccess\DataAccess.csproj", "{4407D9F7-3B44-44AF-AB14-A8C7FE1D44B0}"
EndProject
Project("{FAE04EC0-301F-11D3-BF4B-00C04F79EFBC}") = "WpfAppClient", "WpfAppClient\WpfAppClient.csproj", "{7DD5B982-7A6D-4D3C-A3DF-E776A14DC4D5}"
EndProject
Project("{FAE04EC0-301F-11D3-BF4B-00C04F79EFBC}") = "NETCoreConsoleApp", "NETCoreConsoleApp\NETCoreConsoleApp.csproj", "{3F77D863-3128-4018-A15C-381AF6352CBC}"
EndProject
Global
	GlobalSection(SolutionConfigurationPlatforms) = preSolution
		Debug|Any CPU = Debug|Any CPU
		Release|Any CPU = Release|Any CPU
	EndGlobalSection
	GlobalSection(ProjectConfigurationPlatforms) = postSolution
		{4407D9F7-3B44-44AF-AB14-A8C7FE1D44B0}.Debug|Any CPU.ActiveCfg = Debug|Any CPU
		{4407D9F7-3B44-44AF-AB14-A8C7FE1D44B0}.Debug|Any CPU.Build.0 = Debug|Any CPU
		{4407D9F7-3B44-44AF-AB14-A8C7FE1D44B0}.Release|Any CPU.ActiveCfg = Release|Any CPU
		{4407D9F7-3B44-44AF-AB14-A8C7FE1D44B0}.Release|Any CPU.Build.0 = Release|Any CPU
		{7DD5B982-7A6D-4D3C-A3DF-E776A14DC4D5}.Debug|Any CPU.ActiveCfg = Debug|Any CPU
		{7DD5B982-7A6D-4D3C-A3DF-E776A14DC4D5}.Debug|Any CPU.Build.0 = Debug|Any CPU
		{7DD5B982-7A6D-4D3C-A3DF-E776A14DC4D5}.Release|Any CPU.ActiveCfg = Release|Any CPU
		{7DD5B982-7A6D-4D3C-A3DF-E776A14DC4D5}.Release|Any CPU.Build.0 = Release|Any CPU
		{3F77D863-3128-4018-A15C-381AF6352CBC}.Debug|Any CPU.ActiveCfg = Debug|Any CPU
		{3F77D863-3128-4018-A15C-381AF6352CBC}.Debug|Any CPU.Build.0 = Debug|Any CPU
		{3F77D863-3128-4018-A15C-381AF6352CBC}.Release|Any CPU.ActiveCfg = Release|Any CPU
		{3F77D863-3128-4018-A15C-381AF6352CBC}.Release|Any CPU.Build.0 = Release|Any CPU
	EndGlobalSection
	GlobalSection(SolutionProperties) = preSolution
		HideSolutionNode = FALSE
	EndGlobalSection
	GlobalSection(ExtensibilityGlobals) = postSolution
		SolutionGuid = {CE140089-219E-46F1-B4C6-B6F0905AF377}
	EndGlobalSection
EndGlobal
